
Microsoft Visual Studio Solution File, Format Version 12.00
# Visual Studio Version 17
VisualStudioVersion = 17.0.31903.59
MinimumVisualStudioVersion = 10.0.40219.1
Project("{2150E333-8FDC-42A3-9474-1A3956D46DE8}") = "src", "src", "{1BD0794A-C3D2-4336-ABD9-2AA8B54A7004}"
EndProject
Project("{FAE04EC0-301F-11D3-BF4B-00C04F79EFBC}") = "Library", "src\Library\Library.csproj", "{91F73327-4C79-431F-BFA9-C53DAC0AA29F}"
EndProject
Project("{FAE04EC0-301F-11D3-BF4B-00C04F79EFBC}") = "Program", "src\Program\Program.csproj", "{EA9C1B7B-79A0-459A-9738-0F092628FACE}"
EndProject
Project("{2150E333-8FDC-42A3-9474-1A3956D46DE8}") = "test", "test", "{8985CF9F-10E6-4954-8C8B-0E2857CA632F}"
EndProject
Project("{FAE04EC0-301F-11D3-BF4B-00C04F79EFBC}") = "Library.Tests", "test\Library.Tests\Library.Tests.csproj", "{1D1E81EE-D1C2-410A-8FB2-136F3FAE0068}"
EndProject
Global
	GlobalSection(SolutionConfigurationPlatforms) = preSolution
		Debug|Any CPU = Debug|Any CPU
		Release|Any CPU = Release|Any CPU
	EndGlobalSection
	GlobalSection(SolutionProperties) = preSolution
		HideSolutionNode = FALSE
	EndGlobalSection
	GlobalSection(ProjectConfigurationPlatforms) = postSolution
		{91F73327-4C79-431F-BFA9-C53DAC0AA29F}.Debug|Any CPU.ActiveCfg = Debug|Any CPU
		{91F73327-4C79-431F-BFA9-C53DAC0AA29F}.Debug|Any CPU.Build.0 = Debug|Any CPU
		{91F73327-4C79-431F-BFA9-C53DAC0AA29F}.Release|Any CPU.ActiveCfg = Release|Any CPU
		{91F73327-4C79-431F-BFA9-C53DAC0AA29F}.Release|Any CPU.Build.0 = Release|Any CPU
		{EA9C1B7B-79A0-459A-9738-0F092628FACE}.Debug|Any CPU.ActiveCfg = Debug|Any CPU
		{EA9C1B7B-79A0-459A-9738-0F092628FACE}.Debug|Any CPU.Build.0 = Debug|Any CPU
		{EA9C1B7B-79A0-459A-9738-0F092628FACE}.Release|Any CPU.ActiveCfg = Release|Any CPU
		{EA9C1B7B-79A0-459A-9738-0F092628FACE}.Release|Any CPU.Build.0 = Release|Any CPU
		{1D1E81EE-D1C2-410A-8FB2-136F3FAE0068}.Debug|Any CPU.ActiveCfg = Debug|Any CPU
		{1D1E81EE-D1C2-410A-8FB2-136F3FAE0068}.Debug|Any CPU.Build.0 = Debug|Any CPU
		{1D1E81EE-D1C2-410A-8FB2-136F3FAE0068}.Release|Any CPU.ActiveCfg = Release|Any CPU
		{1D1E81EE-D1C2-410A-8FB2-136F3FAE0068}.Release|Any CPU.Build.0 = Release|Any CPU
	EndGlobalSection
	GlobalSection(NestedProjects) = preSolution
		{91F73327-4C79-431F-BFA9-C53DAC0AA29F} = {1BD0794A-C3D2-4336-ABD9-2AA8B54A7004}
		{EA9C1B7B-79A0-459A-9738-0F092628FACE} = {1BD0794A-C3D2-4336-ABD9-2AA8B54A7004}
		{1D1E81EE-D1C2-410A-8FB2-136F3FAE0068} = {8985CF9F-10E6-4954-8C8B-0E2857CA632F}
	EndGlobalSection
EndGlobal
